// !$*UTF8*$!
{
	archiveVersion = 1;
	classes = {
	};
	objectVersion = 46;
	objects = {

/* Begin PBXBuildFile section */
		F0E73D9E1A9F5DF000ED9A99 /* Measurement.m in Sources */ = {isa = PBXBuildFile; fileRef = F0E73D9D1A9F5DF000ED9A99 /* Measurement.m */; };
		F0E73DA11A9F5DFC00ED9A99 /* Amount.m in Sources */ = {isa = PBXBuildFile; fileRef = F0E73DA01A9F5DFC00ED9A99 /* Amount.m */; };
		F0E73DA31A9F5E3C00ED9A99 /* Model2toModel3.xcmappingmodel in Sources */ = {isa = PBXBuildFile; fileRef = F0E73DA21A9F5E3C00ED9A99 /* Model2toModel3.xcmappingmodel */; };
		F0E73DA61A9F624900ED9A99 /* MigrationViewController.m in Sources */ = {isa = PBXBuildFile; fileRef = F0E73DA51A9F624900ED9A99 /* MigrationViewController.m */; };
		F0E73DAA1A9F6E7600ED9A99 /* Unit.m in Sources */ = {isa = PBXBuildFile; fileRef = F0E73DA91A9F6E7600ED9A99 /* Unit.m */; };
		F0E73DAE1A9F6ECF00ED9A99 /* Model3toModel4.xcmappingmodel in Sources */ = {isa = PBXBuildFile; fileRef = F0E73DAD1A9F6ECF00ED9A99 /* Model3toModel4.xcmappingmodel */; };
		F0F326C71A8D58E600A1AE88 /* main.m in Sources */ = {isa = PBXBuildFile; fileRef = F0F326C61A8D58E600A1AE88 /* main.m */; };
		F0F326CA1A8D58E600A1AE88 /* AppDelegate.m in Sources */ = {isa = PBXBuildFile; fileRef = F0F326C91A8D58E600A1AE88 /* AppDelegate.m */; };
		F0F326CD1A8D58E600A1AE88 /* Grocery_Dude.xcdatamodeld in Sources */ = {isa = PBXBuildFile; fileRef = F0F326CB1A8D58E600A1AE88 /* Grocery_Dude.xcdatamodeld */; };
		F0F326D01A8D58E600A1AE88 /* ViewController.m in Sources */ = {isa = PBXBuildFile; fileRef = F0F326CF1A8D58E600A1AE88 /* ViewController.m */; };
		F0F326D31A8D58E600A1AE88 /* Main.storyboard in Resources */ = {isa = PBXBuildFile; fileRef = F0F326D11A8D58E600A1AE88 /* Main.storyboard */; };
		F0F326D51A8D58E600A1AE88 /* Images.xcassets in Resources */ = {isa = PBXBuildFile; fileRef = F0F326D41A8D58E600A1AE88 /* Images.xcassets */; };
		F0F326D81A8D58E600A1AE88 /* LaunchScreen.xib in Resources */ = {isa = PBXBuildFile; fileRef = F0F326D61A8D58E600A1AE88 /* LaunchScreen.xib */; };
		F0F326E41A8D58E600A1AE88 /* Grocery_DudeTests.m in Sources */ = {isa = PBXBuildFile; fileRef = F0F326E31A8D58E600A1AE88 /* Grocery_DudeTests.m */; };
		F0F326EF1A8D5B3A00A1AE88 /* Item.m in Sources */ = {isa = PBXBuildFile; fileRef = F0F326EE1A8D5B3A00A1AE88 /* Item.m */; };
/* End PBXBuildFile section */

/* Begin PBXContainerItemProxy section */
		F0F326DE1A8D58E600A1AE88 /* PBXContainerItemProxy */ = {
			isa = PBXContainerItemProxy;
			containerPortal = F0F326B91A8D58E600A1AE88 /* Project object */;
			proxyType = 1;
			remoteGlobalIDString = F0F326C01A8D58E600A1AE88;
			remoteInfo = "Grocery Dude";
		};
/* End PBXContainerItemProxy section */

/* Begin PBXFileReference section */
		F038C03A1A90061800907DBD /* Grocery_Dude 2.xcdatamodel */ = {isa = PBXFileReference; lastKnownFileType = wrapper.xcdatamodel; path = "Grocery_Dude 2.xcdatamodel"; sourceTree = "<group>"; };
		F0E73D981A9F5C8B00ED9A99 /* Grocery_Dude 3.xcdatamodel */ = {isa = PBXFileReference; lastKnownFileType = wrapper.xcdatamodel; path = "Grocery_Dude 3.xcdatamodel"; sourceTree = "<group>"; };
		F0E73D9C1A9F5DF000ED9A99 /* Measurement.h */ = {isa = PBXFileReference; fileEncoding = 4; lastKnownFileType = sourcecode.c.h; path = Measurement.h; sourceTree = "<group>"; };
		F0E73D9D1A9F5DF000ED9A99 /* Measurement.m */ = {isa = PBXFileReference; fileEncoding = 4; lastKnownFileType = sourcecode.c.objc; path = Measurement.m; sourceTree = "<group>"; };
		F0E73D9F1A9F5DFC00ED9A99 /* Amount.h */ = {isa = PBXFileReference; fileEncoding = 4; lastKnownFileType = sourcecode.c.h; path = Amount.h; sourceTree = "<group>"; };
		F0E73DA01A9F5DFC00ED9A99 /* Amount.m */ = {isa = PBXFileReference; fileEncoding = 4; lastKnownFileType = sourcecode.c.objc; path = Amount.m; sourceTree = "<group>"; };
		F0E73DA21A9F5E3C00ED9A99 /* Model2toModel3.xcmappingmodel */ = {isa = PBXFileReference; lastKnownFileType = wrapper.xcmappingmodel; path = Model2toModel3.xcmappingmodel; sourceTree = "<group>"; };
		F0E73DA41A9F624900ED9A99 /* MigrationViewController.h */ = {isa = PBXFileReference; fileEncoding = 4; lastKnownFileType = sourcecode.c.h; path = MigrationViewController.h; sourceTree = "<group>"; };
		F0E73DA51A9F624900ED9A99 /* MigrationViewController.m */ = {isa = PBXFileReference; fileEncoding = 4; lastKnownFileType = sourcecode.c.objc; path = MigrationViewController.m; sourceTree = "<group>"; };
		F0E73DA71A9F6E0C00ED9A99 /* Grocery_Dude 4.xcdatamodel */ = {isa = PBXFileReference; lastKnownFileType = wrapper.xcdatamodel; path = "Grocery_Dude 4.xcdatamodel"; sourceTree = "<group>"; };
		F0E73DA81A9F6E7600ED9A99 /* Unit.h */ = {isa = PBXFileReference; fileEncoding = 4; lastKnownFileType = sourcecode.c.h; path = Unit.h; sourceTree = "<group>"; };
		F0E73DA91A9F6E7600ED9A99 /* Unit.m */ = {isa = PBXFileReference; fileEncoding = 4; lastKnownFileType = sourcecode.c.objc; path = Unit.m; sourceTree = "<group>"; };
		F0E73DAD1A9F6ECF00ED9A99 /* Model3toModel4.xcmappingmodel */ = {isa = PBXFileReference; lastKnownFileType = wrapper.xcmappingmodel; path = Model3toModel4.xcmappingmodel; sourceTree = "<group>"; };
		F0F326C11A8D58E600A1AE88 /* Grocery Dude.app */ = {isa = PBXFileReference; explicitFileType = wrapper.application; includeInIndex = 0; path = "Grocery Dude.app"; sourceTree = BUILT_PRODUCTS_DIR; };
		F0F326C51A8D58E600A1AE88 /* Info.plist */ = {isa = PBXFileReference; lastKnownFileType = text.plist.xml; path = Info.plist; sourceTree = "<group>"; };
		F0F326C61A8D58E600A1AE88 /* main.m */ = {isa = PBXFileReference; lastKnownFileType = sourcecode.c.objc; path = main.m; sourceTree = "<group>"; };
		F0F326C81A8D58E600A1AE88 /* AppDelegate.h */ = {isa = PBXFileReference; lastKnownFileType = sourcecode.c.h; path = AppDelegate.h; sourceTree = "<group>"; };
		F0F326C91A8D58E600A1AE88 /* AppDelegate.m */ = {isa = PBXFileReference; lastKnownFileType = sourcecode.c.objc; path = AppDelegate.m; sourceTree = "<group>"; };
		F0F326CC1A8D58E600A1AE88 /* Grocery_Dude.xcdatamodel */ = {isa = PBXFileReference; lastKnownFileType = wrapper.xcdatamodel; path = Grocery_Dude.xcdatamodel; sourceTree = "<group>"; };
		F0F326CE1A8D58E600A1AE88 /* ViewController.h */ = {isa = PBXFileReference; lastKnownFileType = sourcecode.c.h; path = ViewController.h; sourceTree = "<group>"; };
		F0F326CF1A8D58E600A1AE88 /* ViewController.m */ = {isa = PBXFileReference; lastKnownFileType = sourcecode.c.objc; path = ViewController.m; sourceTree = "<group>"; };
		F0F326D21A8D58E600A1AE88 /* Base */ = {isa = PBXFileReference; lastKnownFileType = file.storyboard; name = Base; path = Base.lproj/Main.storyboard; sourceTree = "<group>"; };
		F0F326D41A8D58E600A1AE88 /* Images.xcassets */ = {isa = PBXFileReference; lastKnownFileType = folder.assetcatalog; path = Images.xcassets; sourceTree = "<group>"; };
		F0F326D71A8D58E600A1AE88 /* Base */ = {isa = PBXFileReference; lastKnownFileType = file.xib; name = Base; path = Base.lproj/LaunchScreen.xib; sourceTree = "<group>"; };
		F0F326DD1A8D58E600A1AE88 /* Grocery DudeTests.xctest */ = {isa = PBXFileReference; explicitFileType = wrapper.cfbundle; includeInIndex = 0; path = "Grocery DudeTests.xctest"; sourceTree = BUILT_PRODUCTS_DIR; };
		F0F326E21A8D58E600A1AE88 /* Info.plist */ = {isa = PBXFileReference; lastKnownFileType = text.plist.xml; path = Info.plist; sourceTree = "<group>"; };
		F0F326E31A8D58E600A1AE88 /* Grocery_DudeTests.m */ = {isa = PBXFileReference; lastKnownFileType = sourcecode.c.objc; path = Grocery_DudeTests.m; sourceTree = "<group>"; };
		F0F326ED1A8D5B3A00A1AE88 /* Item.h */ = {isa = PBXFileReference; fileEncoding = 4; lastKnownFileType = sourcecode.c.h; path = Item.h; sourceTree = "<group>"; };
		F0F326EE1A8D5B3A00A1AE88 /* Item.m */ = {isa = PBXFileReference; fileEncoding = 4; lastKnownFileType = sourcecode.c.objc; path = Item.m; sourceTree = "<group>"; };
/* End PBXFileReference section */

/* Begin PBXFrameworksBuildPhase section */
		F0F326BE1A8D58E600A1AE88 /* Frameworks */ = {
			isa = PBXFrameworksBuildPhase;
			buildActionMask = 2147483647;
			files = (
			);
			runOnlyForDeploymentPostprocessing = 0;
		};
		F0F326DA1A8D58E600A1AE88 /* Frameworks */ = {
			isa = PBXFrameworksBuildPhase;
			buildActionMask = 2147483647;
			files = (
			);
			runOnlyForDeploymentPostprocessing = 0;
		};
/* End PBXFrameworksBuildPhase section */

/* Begin PBXGroup section */
		BB301C1D1AA0629C00746654 /* Model */ = {
			isa = PBXGroup;
			children = (
				F0F326CB1A8D58E600A1AE88 /* Grocery_Dude.xcdatamodeld */,
				F0E73DAD1A9F6ECF00ED9A99 /* Model3toModel4.xcmappingmodel */,
				F0E73DA81A9F6E7600ED9A99 /* Unit.h */,
				F0E73DA91A9F6E7600ED9A99 /* Unit.m */,
				F0E73DA21A9F5E3C00ED9A99 /* Model2toModel3.xcmappingmodel */,
				F0E73D9F1A9F5DFC00ED9A99 /* Amount.h */,
				F0E73DA01A9F5DFC00ED9A99 /* Amount.m */,
				F0E73D9C1A9F5DF000ED9A99 /* Measurement.h */,
				F0E73D9D1A9F5DF000ED9A99 /* Measurement.m */,
				F0F326ED1A8D5B3A00A1AE88 /* Item.h */,
				F0F326EE1A8D5B3A00A1AE88 /* Item.m */,
			);
			name = Model;
			sourceTree = "<group>";
		};
		F0F326B81A8D58E600A1AE88 = {
			isa = PBXGroup;
			children = (
				F0F326C31A8D58E600A1AE88 /* Grocery Dude */,
				F0F326E01A8D58E600A1AE88 /* Grocery DudeTests */,
				F0F326C21A8D58E600A1AE88 /* Products */,
			);
			sourceTree = "<group>";
		};
		F0F326C21A8D58E600A1AE88 /* Products */ = {
			isa = PBXGroup;
			children = (
				F0F326C11A8D58E600A1AE88 /* Grocery Dude.app */,
				F0F326DD1A8D58E600A1AE88 /* Grocery DudeTests.xctest */,
			);
			name = Products;
			sourceTree = "<group>";
		};
		F0F326C31A8D58E600A1AE88 /* Grocery Dude */ = {
			isa = PBXGroup;
			children = (
				F0F326C81A8D58E600A1AE88 /* AppDelegate.h */,
				F0F326C91A8D58E600A1AE88 /* AppDelegate.m */,
				F0F326CE1A8D58E600A1AE88 /* ViewController.h */,
				F0F326CF1A8D58E600A1AE88 /* ViewController.m */,
				F0F326D11A8D58E600A1AE88 /* Main.storyboard */,
				F0E73DA41A9F624900ED9A99 /* MigrationViewController.h */,
				F0E73DA51A9F624900ED9A99 /* MigrationViewController.m */,
				F0F326D41A8D58E600A1AE88 /* Images.xcassets */,
				F0F326D61A8D58E600A1AE88 /* LaunchScreen.xib */,
				BB301C1D1AA0629C00746654 /* Model */,
				F0F326C41A8D58E600A1AE88 /* Supporting Files */,
			);
			path = "Grocery Dude";
			sourceTree = "<group>";
		};
		F0F326C41A8D58E600A1AE88 /* Supporting Files */ = {
			isa = PBXGroup;
			children = (
				F0F326C51A8D58E600A1AE88 /* Info.plist */,
				F0F326C61A8D58E600A1AE88 /* main.m */,
			);
			name = "Supporting Files";
			sourceTree = "<group>";
		};
		F0F326E01A8D58E600A1AE88 /* Grocery DudeTests */ = {
			isa = PBXGroup;
			children = (
				F0F326E31A8D58E600A1AE88 /* Grocery_DudeTests.m */,
				F0F326E11A8D58E600A1AE88 /* Supporting Files */,
			);
			path = "Grocery DudeTests";
			sourceTree = "<group>";
		};
		F0F326E11A8D58E600A1AE88 /* Supporting Files */ = {
			isa = PBXGroup;
			children = (
				F0F326E21A8D58E600A1AE88 /* Info.plist */,
			);
			name = "Supporting Files";
			sourceTree = "<group>";
		};
/* End PBXGroup section */

/* Begin PBXNativeTarget section */
		F0F326C01A8D58E600A1AE88 /* Grocery Dude */ = {
			isa = PBXNativeTarget;
			buildConfigurationList = F0F326E71A8D58E600A1AE88 /* Build configuration list for PBXNativeTarget "Grocery Dude" */;
			buildPhases = (
				F0F326BD1A8D58E600A1AE88 /* Sources */,
				F0F326BE1A8D58E600A1AE88 /* Frameworks */,
				F0F326BF1A8D58E600A1AE88 /* Resources */,
			);
			buildRules = (
			);
			dependencies = (
			);
			name = "Grocery Dude";
			productName = "Grocery Dude";
			productReference = F0F326C11A8D58E600A1AE88 /* Grocery Dude.app */;
			productType = "com.apple.product-type.application";
		};
		F0F326DC1A8D58E600A1AE88 /* Grocery DudeTests */ = {
			isa = PBXNativeTarget;
			buildConfigurationList = F0F326EA1A8D58E600A1AE88 /* Build configuration list for PBXNativeTarget "Grocery DudeTests" */;
			buildPhases = (
				F0F326D91A8D58E600A1AE88 /* Sources */,
				F0F326DA1A8D58E600A1AE88 /* Frameworks */,
				F0F326DB1A8D58E600A1AE88 /* Resources */,
			);
			buildRules = (
			);
			dependencies = (
				F0F326DF1A8D58E600A1AE88 /* PBXTargetDependency */,
			);
			name = "Grocery DudeTests";
			productName = "Grocery DudeTests";
			productReference = F0F326DD1A8D58E600A1AE88 /* Grocery DudeTests.xctest */;
			productType = "com.apple.product-type.bundle.unit-test";
		};
/* End PBXNativeTarget section */

/* Begin PBXProject section */
		F0F326B91A8D58E600A1AE88 /* Project object */ = {
			isa = PBXProject;
			attributes = {
				LastUpgradeCheck = 0610;
				ORGANIZATIONNAME = "Victor Chee";
				TargetAttributes = {
					F0F326C01A8D58E600A1AE88 = {
						CreatedOnToolsVersion = 6.1.1;
					};
					F0F326DC1A8D58E600A1AE88 = {
						CreatedOnToolsVersion = 6.1.1;
						TestTargetID = F0F326C01A8D58E600A1AE88;
					};
				};
			};
			buildConfigurationList = F0F326BC1A8D58E600A1AE88 /* Build configuration list for PBXProject "Grocery Dude" */;
			compatibilityVersion = "Xcode 3.2";
			developmentRegion = English;
			hasScannedForEncodings = 0;
			knownRegions = (
				en,
				Base,
			);
			mainGroup = F0F326B81A8D58E600A1AE88;
			productRefGroup = F0F326C21A8D58E600A1AE88 /* Products */;
			projectDirPath = "";
			projectRoot = "";
			targets = (
				F0F326C01A8D58E600A1AE88 /* Grocery Dude */,
				F0F326DC1A8D58E600A1AE88 /* Grocery DudeTests */,
			);
		};
/* End PBXProject section */

/* Begin PBXResourcesBuildPhase section */
		F0F326BF1A8D58E600A1AE88 /* Resources */ = {
			isa = PBXResourcesBuildPhase;
			buildActionMask = 2147483647;
			files = (
				F0F326D31A8D58E600A1AE88 /* Main.storyboard in Resources */,
				F0F326D81A8D58E600A1AE88 /* LaunchScreen.xib in Resources */,
				F0F326D51A8D58E600A1AE88 /* Images.xcassets in Resources */,
			);
			runOnlyForDeploymentPostprocessing = 0;
		};
		F0F326DB1A8D58E600A1AE88 /* Resources */ = {
			isa = PBXResourcesBuildPhase;
			buildActionMask = 2147483647;
			files = (
			);
			runOnlyForDeploymentPostprocessing = 0;
		};
/* End PBXResourcesBuildPhase section */

/* Begin PBXSourcesBuildPhase section */
		F0F326BD1A8D58E600A1AE88 /* Sources */ = {
			isa = PBXSourcesBuildPhase;
			buildActionMask = 2147483647;
			files = (
				F0F326EF1A8D5B3A00A1AE88 /* Item.m in Sources */,
				F0F326CD1A8D58E600A1AE88 /* Grocery_Dude.xcdatamodeld in Sources */,
				F0E73D9E1A9F5DF000ED9A99 /* Measurement.m in Sources */,
				F0F326CA1A8D58E600A1AE88 /* AppDelegate.m in Sources */,
				F0E73DAE1A9F6ECF00ED9A99 /* Model3toModel4.xcmappingmodel in Sources */,
				F0E73DA11A9F5DFC00ED9A99 /* Amount.m in Sources */,
				F0E73DAA1A9F6E7600ED9A99 /* Unit.m in Sources */,
				F0E73DA31A9F5E3C00ED9A99 /* Model2toModel3.xcmappingmodel in Sources */,
				F0F326D01A8D58E600A1AE88 /* ViewController.m in Sources */,
				F0E73DA61A9F624900ED9A99 /* MigrationViewController.m in Sources */,
				F0F326C71A8D58E600A1AE88 /* main.m in Sources */,
			);
			runOnlyForDeploymentPostprocessing = 0;
		};
		F0F326D91A8D58E600A1AE88 /* Sources */ = {
			isa = PBXSourcesBuildPhase;
			buildActionMask = 2147483647;
			files = (
				F0F326E41A8D58E600A1AE88 /* Grocery_DudeTests.m in Sources */,
			);
			runOnlyForDeploymentPostprocessing = 0;
		};
/* End PBXSourcesBuildPhase section */

/* Begin PBXTargetDependency section */
		F0F326DF1A8D58E600A1AE88 /* PBXTargetDependency */ = {
			isa = PBXTargetDependency;
			target = F0F326C01A8D58E600A1AE88 /* Grocery Dude */;
			targetProxy = F0F326DE1A8D58E600A1AE88 /* PBXContainerItemProxy */;
		};
/* End PBXTargetDependency section */

/* Begin PBXVariantGroup section */
		F0F326D11A8D58E600A1AE88 /* Main.storyboard */ = {
			isa = PBXVariantGroup;
			children = (
				F0F326D21A8D58E600A1AE88 /* Base */,
			);
			name = Main.storyboard;
			sourceTree = "<group>";
		};
		F0F326D61A8D58E600A1AE88 /* LaunchScreen.xib */ = {
			isa = PBXVariantGroup;
			children = (
				F0F326D71A8D58E600A1AE88 /* Base */,
			);
			name = LaunchScreen.xib;
			sourceTree = "<group>";
		};
/* End PBXVariantGroup section */

/* Begin XCBuildConfiguration section */
		F0F326E51A8D58E600A1AE88 /* Debug */ = {
			isa = XCBuildConfiguration;
			buildSettings = {
				ALWAYS_SEARCH_USER_PATHS = NO;
				CLANG_CXX_LANGUAGE_STANDARD = "gnu++0x";
				CLANG_CXX_LIBRARY = "libc++";
				CLANG_ENABLE_MODULES = YES;
				CLANG_ENABLE_OBJC_ARC = YES;
				CLANG_WARN_BOOL_CONVERSION = YES;
				CLANG_WARN_CONSTANT_CONVERSION = YES;
				CLANG_WARN_DIRECT_OBJC_ISA_USAGE = YES_ERROR;
				CLANG_WARN_EMPTY_BODY = YES;
				CLANG_WARN_ENUM_CONVERSION = YES;
				CLANG_WARN_INT_CONVERSION = YES;
				CLANG_WARN_OBJC_ROOT_CLASS = YES_ERROR;
				CLANG_WARN_UNREACHABLE_CODE = YES;
				CLANG_WARN__DUPLICATE_METHOD_MATCH = YES;
				"CODE_SIGN_IDENTITY[sdk=iphoneos*]" = "iPhone Developer";
				COPY_PHASE_STRIP = NO;
				ENABLE_STRICT_OBJC_MSGSEND = YES;
				GCC_C_LANGUAGE_STANDARD = gnu99;
				GCC_DYNAMIC_NO_PIC = NO;
				GCC_OPTIMIZATION_LEVEL = 0;
				GCC_PREPROCESSOR_DEFINITIONS = (
					"DEBUG=1",
					"$(inherited)",
				);
				GCC_SYMBOLS_PRIVATE_EXTERN = NO;
				GCC_WARN_64_TO_32_BIT_CONVERSION = YES;
				GCC_WARN_ABOUT_RETURN_TYPE = YES_ERROR;
				GCC_WARN_UNDECLARED_SELECTOR = YES;
				GCC_WARN_UNINITIALIZED_AUTOS = YES_AGGRESSIVE;
				GCC_WARN_UNUSED_FUNCTION = YES;
				GCC_WARN_UNUSED_VARIABLE = YES;
				IPHONEOS_DEPLOYMENT_TARGET = 8.1;
				MTL_ENABLE_DEBUG_INFO = YES;
				ONLY_ACTIVE_ARCH = YES;
				SDKROOT = iphoneos;
				TARGETED_DEVICE_FAMILY = "1,2";
			};
			name = Debug;
		};
		F0F326E61A8D58E600A1AE88 /* Release */ = {
			isa = XCBuildConfiguration;
			buildSettings = {
				ALWAYS_SEARCH_USER_PATHS = NO;
				CLANG_CXX_LANGUAGE_STANDARD = "gnu++0x";
				CLANG_CXX_LIBRARY = "libc++";
				CLANG_ENABLE_MODULES = YES;
				CLANG_ENABLE_OBJC_ARC = YES;
				CLANG_WARN_BOOL_CONVERSION = YES;
				CLANG_WARN_CONSTANT_CONVERSION = YES;
				CLANG_WARN_DIRECT_OBJC_ISA_USAGE = YES_ERROR;
				CLANG_WARN_EMPTY_BODY = YES;
				CLANG_WARN_ENUM_CONVERSION = YES;
				CLANG_WARN_INT_CONVERSION = YES;
				CLANG_WARN_OBJC_ROOT_CLASS = YES_ERROR;
				CLANG_WARN_UNREACHABLE_CODE = YES;
				CLANG_WARN__DUPLICATE_METHOD_MATCH = YES;
				"CODE_SIGN_IDENTITY[sdk=iphoneos*]" = "iPhone Developer";
				COPY_PHASE_STRIP = YES;
				ENABLE_NS_ASSERTIONS = NO;
				ENABLE_STRICT_OBJC_MSGSEND = YES;
				GCC_C_LANGUAGE_STANDARD = gnu99;
				GCC_WARN_64_TO_32_BIT_CONVERSION = YES;
				GCC_WARN_ABOUT_RETURN_TYPE = YES_ERROR;
				GCC_WARN_UNDECLARED_SELECTOR = YES;
				GCC_WARN_UNINITIALIZED_AUTOS = YES_AGGRESSIVE;
				GCC_WARN_UNUSED_FUNCTION = YES;
				GCC_WARN_UNUSED_VARIABLE = YES;
				IPHONEOS_DEPLOYMENT_TARGET = 8.1;
				MTL_ENABLE_DEBUG_INFO = NO;
				SDKROOT = iphoneos;
				TARGETED_DEVICE_FAMILY = "1,2";
				VALIDATE_PRODUCT = YES;
			};
			name = Release;
		};
		F0F326E81A8D58E600A1AE88 /* Debug */ = {
			isa = XCBuildConfiguration;
			buildSettings = {
				ASSETCATALOG_COMPILER_APPICON_NAME = AppIcon;
				ASSETCATALOG_COMPILER_LAUNCHIMAGE_NAME = LaunchImage;
				INFOPLIST_FILE = "Grocery Dude/Info.plist";
				IPHONEOS_DEPLOYMENT_TARGET = 7.0;
				LD_RUNPATH_SEARCH_PATHS = "$(inherited) @executable_path/Frameworks";
				PRODUCT_NAME = "$(TARGET_NAME)";
				TARGETED_DEVICE_FAMILY = 1;
			};
			name = Debug;
		};
		F0F326E91A8D58E600A1AE88 /* Release */ = {
			isa = XCBuildConfiguration;
			buildSettings = {
				ASSETCATALOG_COMPILER_APPICON_NAME = AppIcon;
				ASSETCATALOG_COMPILER_LAUNCHIMAGE_NAME = LaunchImage;
				INFOPLIST_FILE = "Grocery Dude/Info.plist";
				IPHONEOS_DEPLOYMENT_TARGET = 7.0;
				LD_RUNPATH_SEARCH_PATHS = "$(inherited) @executable_path/Frameworks";
				PRODUCT_NAME = "$(TARGET_NAME)";
				TARGETED_DEVICE_FAMILY = 1;
			};
			name = Release;
		};
		F0F326EB1A8D58E600A1AE88 /* Debug */ = {
			isa = XCBuildConfiguration;
			buildSettings = {
				BUNDLE_LOADER = "$(TEST_HOST)";
				FRAMEWORK_SEARCH_PATHS = (
					"$(SDKROOT)/Developer/Library/Frameworks",
					"$(inherited)",
				);
				GCC_PREPROCESSOR_DEFINITIONS = (
					"DEBUG=1",
					"$(inherited)",
				);
				INFOPLIST_FILE = "Grocery DudeTests/Info.plist";
				LD_RUNPATH_SEARCH_PATHS = "$(inherited) @executable_path/Frameworks @loader_path/Frameworks";
				PRODUCT_NAME = "$(TARGET_NAME)";
				TEST_HOST = "$(BUILT_PRODUCTS_DIR)/Grocery Dude.app/Grocery Dude";
			};
			name = Debug;
		};
		F0F326EC1A8D58E600A1AE88 /* Release */ = {
			isa = XCBuildConfiguration;
			buildSettings = {
				BUNDLE_LOADER = "$(TEST_HOST)";
				FRAMEWORK_SEARCH_PATHS = (
					"$(SDKROOT)/Developer/Library/Frameworks",
					"$(inherited)",
				);
				INFOPLIST_FILE = "Grocery DudeTests/Info.plist";
				LD_RUNPATH_SEARCH_PATHS = "$(inherited) @executable_path/Frameworks @loader_path/Frameworks";
				PRODUCT_NAME = "$(TARGET_NAME)";
				TEST_HOST = "$(BUILT_PRODUCTS_DIR)/Grocery Dude.app/Grocery Dude";
			};
			name = Release;
		};
/* End XCBuildConfiguration section */

/* Begin XCConfigurationList section */
		F0F326BC1A8D58E600A1AE88 /* Build configuration list for PBXProject "Grocery Dude" */ = {
			isa = XCConfigurationList;
			buildConfigurations = (
				F0F326E51A8D58E600A1AE88 /* Debug */,
				F0F326E61A8D58E600A1AE88 /* Release */,
			);
			defaultConfigurationIsVisible = 0;
			defaultConfigurationName = Release;
		};
		F0F326E71A8D58E600A1AE88 /* Build configuration list for PBXNativeTarget "Grocery Dude" */ = {
			isa = XCConfigurationList;
			buildConfigurations = (
				F0F326E81A8D58E600A1AE88 /* Debug */,
				F0F326E91A8D58E600A1AE88 /* Release */,
			);
			defaultConfigurationIsVisible = 0;
			defaultConfigurationName = Release;
		};
		F0F326EA1A8D58E600A1AE88 /* Build configuration list for PBXNativeTarget "Grocery DudeTests" */ = {
			isa = XCConfigurationList;
			buildConfigurations = (
				F0F326EB1A8D58E600A1AE88 /* Debug */,
				F0F326EC1A8D58E600A1AE88 /* Release */,
			);
			defaultConfigurationIsVisible = 0;
			defaultConfigurationName = Release;
		};
/* End XCConfigurationList section */

/* Begin XCVersionGroup section */
		F0F326CB1A8D58E600A1AE88 /* Grocery_Dude.xcdatamodeld */ = {
			isa = XCVersionGroup;
			children = (
				F038C03A1A90061800907DBD /* Grocery_Dude 2.xcdatamodel */,
				F0E73D981A9F5C8B00ED9A99 /* Grocery_Dude 3.xcdatamodel */,
				F0E73DA71A9F6E0C00ED9A99 /* Grocery_Dude 4.xcdatamodel */,
				F0F326CC1A8D58E600A1AE88 /* Grocery_Dude.xcdatamodel */,
			);
			currentVersion = F0E73DA71A9F6E0C00ED9A99 /* Grocery_Dude 4.xcdatamodel */;
			path = Grocery_Dude.xcdatamodeld;
			sourceTree = "<group>";
			versionGroupType = wrapper.xcdatamodel;
		};
/* End XCVersionGroup section */
	};
	rootObject = F0F326B91A8D58E600A1AE88 /* Project object */;
}
