// !$*UTF8*$!
{
	archiveVersion = 1;
	classes = {
	};
	objectVersion = 46;
	objects = {

/* Begin PBXBuildFile section */
		BB0A65541A8B39980040FB35 /* Model.xcdatamodeld in Sources */ = {isa = PBXBuildFile; fileRef = BB0A65521A8B39980040FB35 /* Model.xcdatamodeld */; };
		BB0A65571A8B3A7D0040FB35 /* Item.m in Sources */ = {isa = PBXBuildFile; fileRef = BB0A65561A8B3A7D0040FB35 /* Item.m */; };
		F0F326581A8A476100A1AE88 /* main.m in Sources */ = {isa = PBXBuildFile; fileRef = F0F326571A8A476100A1AE88 /* main.m */; };
		F0F3265B1A8A476100A1AE88 /* AppDelegate.m in Sources */ = {isa = PBXBuildFile; fileRef = F0F3265A1A8A476100A1AE88 /* AppDelegate.m */; };
		F0F3265E1A8A476100A1AE88 /* ViewController.m in Sources */ = {isa = PBXBuildFile; fileRef = F0F3265D1A8A476100A1AE88 /* ViewController.m */; };
		F0F326611A8A476100A1AE88 /* Main.storyboard in Resources */ = {isa = PBXBuildFile; fileRef = F0F3265F1A8A476100A1AE88 /* Main.storyboard */; };
		F0F326631A8A476100A1AE88 /* Images.xcassets in Resources */ = {isa = PBXBuildFile; fileRef = F0F326621A8A476100A1AE88 /* Images.xcassets */; };
		F0F326661A8A476100A1AE88 /* LaunchScreen.xib in Resources */ = {isa = PBXBuildFile; fileRef = F0F326641A8A476100A1AE88 /* LaunchScreen.xib */; };
		F0F326721A8A476100A1AE88 /* Grocery_DudeTests.m in Sources */ = {isa = PBXBuildFile; fileRef = F0F326711A8A476100A1AE88 /* Grocery_DudeTests.m */; };
		F0F3267E1A8A4DED00A1AE88 /* CoreData.framework in Frameworks */ = {isa = PBXBuildFile; fileRef = F0F3267B1A8A4DCE00A1AE88 /* CoreData.framework */; };
		F0F326821A8A4E3100A1AE88 /* CoreDataHelper.m in Sources */ = {isa = PBXBuildFile; fileRef = F0F326811A8A4E3100A1AE88 /* CoreDataHelper.m */; };
/* End PBXBuildFile section */

/* Begin PBXContainerItemProxy section */
		F0F3266C1A8A476100A1AE88 /* PBXContainerItemProxy */ = {
			isa = PBXContainerItemProxy;
			containerPortal = F0F3264A1A8A476100A1AE88 /* Project object */;
			proxyType = 1;
			remoteGlobalIDString = F0F326511A8A476100A1AE88;
			remoteInfo = "Grocery Dude";
		};
/* End PBXContainerItemProxy section */

/* Begin PBXFileReference section */
		BB0A65531A8B39980040FB35 /* Model.xcdatamodel */ = {isa = PBXFileReference; lastKnownFileType = wrapper.xcdatamodel; path = Model.xcdatamodel; sourceTree = "<group>"; };
		BB0A65551A8B3A7D0040FB35 /* Item.h */ = {isa = PBXFileReference; fileEncoding = 4; lastKnownFileType = sourcecode.c.h; path = Item.h; sourceTree = "<group>"; };
		BB0A65561A8B3A7D0040FB35 /* Item.m */ = {isa = PBXFileReference; fileEncoding = 4; lastKnownFileType = sourcecode.c.objc; path = Item.m; sourceTree = "<group>"; };
		F0F326521A8A476100A1AE88 /* Grocery Dude.app */ = {isa = PBXFileReference; explicitFileType = wrapper.application; includeInIndex = 0; path = "Grocery Dude.app"; sourceTree = BUILT_PRODUCTS_DIR; };
		F0F326561A8A476100A1AE88 /* Info.plist */ = {isa = PBXFileReference; lastKnownFileType = text.plist.xml; path = Info.plist; sourceTree = "<group>"; };
		F0F326571A8A476100A1AE88 /* main.m */ = {isa = PBXFileReference; lastKnownFileType = sourcecode.c.objc; path = main.m; sourceTree = "<group>"; };
		F0F326591A8A476100A1AE88 /* AppDelegate.h */ = {isa = PBXFileReference; lastKnownFileType = sourcecode.c.h; path = AppDelegate.h; sourceTree = "<group>"; };
		F0F3265A1A8A476100A1AE88 /* AppDelegate.m */ = {isa = PBXFileReference; lastKnownFileType = sourcecode.c.objc; path = AppDelegate.m; sourceTree = "<group>"; };
		F0F3265C1A8A476100A1AE88 /* ViewController.h */ = {isa = PBXFileReference; lastKnownFileType = sourcecode.c.h; path = ViewController.h; sourceTree = "<group>"; };
		F0F3265D1A8A476100A1AE88 /* ViewController.m */ = {isa = PBXFileReference; lastKnownFileType = sourcecode.c.objc; path = ViewController.m; sourceTree = "<group>"; };
		F0F326601A8A476100A1AE88 /* Base */ = {isa = PBXFileReference; lastKnownFileType = file.storyboard; name = Base; path = Base.lproj/Main.storyboard; sourceTree = "<group>"; };
		F0F326621A8A476100A1AE88 /* Images.xcassets */ = {isa = PBXFileReference; lastKnownFileType = folder.assetcatalog; path = Images.xcassets; sourceTree = "<group>"; };
		F0F326651A8A476100A1AE88 /* Base */ = {isa = PBXFileReference; lastKnownFileType = file.xib; name = Base; path = Base.lproj/LaunchScreen.xib; sourceTree = "<group>"; };
		F0F3266B1A8A476100A1AE88 /* Grocery DudeTests.xctest */ = {isa = PBXFileReference; explicitFileType = wrapper.cfbundle; includeInIndex = 0; path = "Grocery DudeTests.xctest"; sourceTree = BUILT_PRODUCTS_DIR; };
		F0F326701A8A476100A1AE88 /* Info.plist */ = {isa = PBXFileReference; lastKnownFileType = text.plist.xml; path = Info.plist; sourceTree = "<group>"; };
		F0F326711A8A476100A1AE88 /* Grocery_DudeTests.m */ = {isa = PBXFileReference; lastKnownFileType = sourcecode.c.objc; path = Grocery_DudeTests.m; sourceTree = "<group>"; };
		F0F3267B1A8A4DCE00A1AE88 /* CoreData.framework */ = {isa = PBXFileReference; lastKnownFileType = wrapper.framework; name = CoreData.framework; path = System/Library/Frameworks/CoreData.framework; sourceTree = SDKROOT; };
		F0F326801A8A4E3100A1AE88 /* CoreDataHelper.h */ = {isa = PBXFileReference; fileEncoding = 4; lastKnownFileType = sourcecode.c.h; path = CoreDataHelper.h; sourceTree = "<group>"; };
		F0F326811A8A4E3100A1AE88 /* CoreDataHelper.m */ = {isa = PBXFileReference; fileEncoding = 4; lastKnownFileType = sourcecode.c.objc; path = CoreDataHelper.m; sourceTree = "<group>"; };
/* End PBXFileReference section */

/* Begin PBXFrameworksBuildPhase section */
		F0F3264F1A8A476100A1AE88 /* Frameworks */ = {
			isa = PBXFrameworksBuildPhase;
			buildActionMask = 2147483647;
			files = (
				F0F3267E1A8A4DED00A1AE88 /* CoreData.framework in Frameworks */,
			);
			runOnlyForDeploymentPostprocessing = 0;
		};
		F0F326681A8A476100A1AE88 /* Frameworks */ = {
			isa = PBXFrameworksBuildPhase;
			buildActionMask = 2147483647;
			files = (
			);
			runOnlyForDeploymentPostprocessing = 0;
		};
/* End PBXFrameworksBuildPhase section */

/* Begin PBXGroup section */
		BB0A65511A8B39810040FB35 /* Data Model */ = {
			isa = PBXGroup;
			children = (
				BB0A65521A8B39980040FB35 /* Model.xcdatamodeld */,
				BB0A65551A8B3A7D0040FB35 /* Item.h */,
				BB0A65561A8B3A7D0040FB35 /* Item.m */,
			);
			name = "Data Model";
			sourceTree = "<group>";
		};
		F0F326491A8A476100A1AE88 = {
			isa = PBXGroup;
			children = (
				F0F3267D1A8A4DD900A1AE88 /* Frameworks */,
				F0F326541A8A476100A1AE88 /* Grocery Dude */,
				F0F3266E1A8A476100A1AE88 /* Grocery DudeTests */,
				F0F326531A8A476100A1AE88 /* Products */,
			);
			sourceTree = "<group>";
		};
		F0F326531A8A476100A1AE88 /* Products */ = {
			isa = PBXGroup;
			children = (
				F0F326521A8A476100A1AE88 /* Grocery Dude.app */,
				F0F3266B1A8A476100A1AE88 /* Grocery DudeTests.xctest */,
			);
			name = Products;
			sourceTree = "<group>";
		};
		F0F326541A8A476100A1AE88 /* Grocery Dude */ = {
			isa = PBXGroup;
			children = (
				BB0A65511A8B39810040FB35 /* Data Model */,
				F0F3267F1A8A4E0C00A1AE88 /* Generic Core Data Classes */,
				F0F326591A8A476100A1AE88 /* AppDelegate.h */,
				F0F3265A1A8A476100A1AE88 /* AppDelegate.m */,
				F0F3265C1A8A476100A1AE88 /* ViewController.h */,
				F0F3265D1A8A476100A1AE88 /* ViewController.m */,
				F0F3265F1A8A476100A1AE88 /* Main.storyboard */,
				F0F326621A8A476100A1AE88 /* Images.xcassets */,
				F0F326641A8A476100A1AE88 /* LaunchScreen.xib */,
				F0F326551A8A476100A1AE88 /* Supporting Files */,
			);
			path = "Grocery Dude";
			sourceTree = "<group>";
		};
		F0F326551A8A476100A1AE88 /* Supporting Files */ = {
			isa = PBXGroup;
			children = (
				F0F326561A8A476100A1AE88 /* Info.plist */,
				F0F326571A8A476100A1AE88 /* main.m */,
			);
			name = "Supporting Files";
			sourceTree = "<group>";
		};
		F0F3266E1A8A476100A1AE88 /* Grocery DudeTests */ = {
			isa = PBXGroup;
			children = (
				F0F326711A8A476100A1AE88 /* Grocery_DudeTests.m */,
				F0F3266F1A8A476100A1AE88 /* Supporting Files */,
			);
			path = "Grocery DudeTests";
			sourceTree = "<group>";
		};
		F0F3266F1A8A476100A1AE88 /* Supporting Files */ = {
			isa = PBXGroup;
			children = (
				F0F326701A8A476100A1AE88 /* Info.plist */,
			);
			name = "Supporting Files";
			sourceTree = "<group>";
		};
		F0F3267D1A8A4DD900A1AE88 /* Frameworks */ = {
			isa = PBXGroup;
			children = (
				F0F3267B1A8A4DCE00A1AE88 /* CoreData.framework */,
			);
			name = Frameworks;
			sourceTree = "<group>";
		};
		F0F3267F1A8A4E0C00A1AE88 /* Generic Core Data Classes */ = {
			isa = PBXGroup;
			children = (
				F0F326801A8A4E3100A1AE88 /* CoreDataHelper.h */,
				F0F326811A8A4E3100A1AE88 /* CoreDataHelper.m */,
			);
			name = "Generic Core Data Classes";
			sourceTree = "<group>";
		};
/* End PBXGroup section */

/* Begin PBXNativeTarget section */
		F0F326511A8A476100A1AE88 /* Grocery Dude */ = {
			isa = PBXNativeTarget;
			buildConfigurationList = F0F326751A8A476100A1AE88 /* Build configuration list for PBXNativeTarget "Grocery Dude" */;
			buildPhases = (
				F0F3264E1A8A476100A1AE88 /* Sources */,
				F0F3264F1A8A476100A1AE88 /* Frameworks */,
				F0F326501A8A476100A1AE88 /* Resources */,
			);
			buildRules = (
			);
			dependencies = (
			);
			name = "Grocery Dude";
			productName = "Grocery Dude";
			productReference = F0F326521A8A476100A1AE88 /* Grocery Dude.app */;
			productType = "com.apple.product-type.application";
		};
		F0F3266A1A8A476100A1AE88 /* Grocery DudeTests */ = {
			isa = PBXNativeTarget;
			buildConfigurationList = F0F326781A8A476100A1AE88 /* Build configuration list for PBXNativeTarget "Grocery DudeTests" */;
			buildPhases = (
				F0F326671A8A476100A1AE88 /* Sources */,
				F0F326681A8A476100A1AE88 /* Frameworks */,
				F0F326691A8A476100A1AE88 /* Resources */,
			);
			buildRules = (
			);
			dependencies = (
				F0F3266D1A8A476100A1AE88 /* PBXTargetDependency */,
			);
			name = "Grocery DudeTests";
			productName = "Grocery DudeTests";
			productReference = F0F3266B1A8A476100A1AE88 /* Grocery DudeTests.xctest */;
			productType = "com.apple.product-type.bundle.unit-test";
		};
/* End PBXNativeTarget section */

/* Begin PBXProject section */
		F0F3264A1A8A476100A1AE88 /* Project object */ = {
			isa = PBXProject;
			attributes = {
				LastUpgradeCheck = 0610;
				ORGANIZATIONNAME = "Victor Chee";
				TargetAttributes = {
					F0F326511A8A476100A1AE88 = {
						CreatedOnToolsVersion = 6.1.1;
					};
					F0F3266A1A8A476100A1AE88 = {
						CreatedOnToolsVersion = 6.1.1;
						TestTargetID = F0F326511A8A476100A1AE88;
					};
				};
			};
			buildConfigurationList = F0F3264D1A8A476100A1AE88 /* Build configuration list for PBXProject "Grocery Dude" */;
			compatibilityVersion = "Xcode 3.2";
			developmentRegion = English;
			hasScannedForEncodings = 0;
			knownRegions = (
				en,
				Base,
			);
			mainGroup = F0F326491A8A476100A1AE88;
			productRefGroup = F0F326531A8A476100A1AE88 /* Products */;
			projectDirPath = "";
			projectRoot = "";
			targets = (
				F0F326511A8A476100A1AE88 /* Grocery Dude */,
				F0F3266A1A8A476100A1AE88 /* Grocery DudeTests */,
			);
		};
/* End PBXProject section */

/* Begin PBXResourcesBuildPhase section */
		F0F326501A8A476100A1AE88 /* Resources */ = {
			isa = PBXResourcesBuildPhase;
			buildActionMask = 2147483647;
			files = (
				F0F326611A8A476100A1AE88 /* Main.storyboard in Resources */,
				F0F326661A8A476100A1AE88 /* LaunchScreen.xib in Resources */,
				F0F326631A8A476100A1AE88 /* Images.xcassets in Resources */,
			);
			runOnlyForDeploymentPostprocessing = 0;
		};
		F0F326691A8A476100A1AE88 /* Resources */ = {
			isa = PBXResourcesBuildPhase;
			buildActionMask = 2147483647;
			files = (
			);
			runOnlyForDeploymentPostprocessing = 0;
		};
/* End PBXResourcesBuildPhase section */

/* Begin PBXSourcesBuildPhase section */
		F0F3264E1A8A476100A1AE88 /* Sources */ = {
			isa = PBXSourcesBuildPhase;
			buildActionMask = 2147483647;
			files = (
				BB0A65571A8B3A7D0040FB35 /* Item.m in Sources */,
				F0F3265E1A8A476100A1AE88 /* ViewController.m in Sources */,
				F0F3265B1A8A476100A1AE88 /* AppDelegate.m in Sources */,
				BB0A65541A8B39980040FB35 /* Model.xcdatamodeld in Sources */,
				F0F326821A8A4E3100A1AE88 /* CoreDataHelper.m in Sources */,
				F0F326581A8A476100A1AE88 /* main.m in Sources */,
			);
			runOnlyForDeploymentPostprocessing = 0;
		};
		F0F326671A8A476100A1AE88 /* Sources */ = {
			isa = PBXSourcesBuildPhase;
			buildActionMask = 2147483647;
			files = (
				F0F326721A8A476100A1AE88 /* Grocery_DudeTests.m in Sources */,
			);
			runOnlyForDeploymentPostprocessing = 0;
		};
/* End PBXSourcesBuildPhase section */

/* Begin PBXTargetDependency section */
		F0F3266D1A8A476100A1AE88 /* PBXTargetDependency */ = {
			isa = PBXTargetDependency;
			target = F0F326511A8A476100A1AE88 /* Grocery Dude */;
			targetProxy = F0F3266C1A8A476100A1AE88 /* PBXContainerItemProxy */;
		};
/* End PBXTargetDependency section */

/* Begin PBXVariantGroup section */
		F0F3265F1A8A476100A1AE88 /* Main.storyboard */ = {
			isa = PBXVariantGroup;
			children = (
				F0F326601A8A476100A1AE88 /* Base */,
			);
			name = Main.storyboard;
			sourceTree = "<group>";
		};
		F0F326641A8A476100A1AE88 /* LaunchScreen.xib */ = {
			isa = PBXVariantGroup;
			children = (
				F0F326651A8A476100A1AE88 /* Base */,
			);
			name = LaunchScreen.xib;
			sourceTree = "<group>";
		};
/* End PBXVariantGroup section */

/* Begin XCBuildConfiguration section */
		F0F326731A8A476100A1AE88 /* Debug */ = {
			isa = XCBuildConfiguration;
			buildSettings = {
				ALWAYS_SEARCH_USER_PATHS = NO;
				CLANG_CXX_LANGUAGE_STANDARD = "gnu++0x";
				CLANG_CXX_LIBRARY = "libc++";
				CLANG_ENABLE_MODULES = YES;
				CLANG_ENABLE_OBJC_ARC = YES;
				CLANG_WARN_BOOL_CONVERSION = YES;
				CLANG_WARN_CONSTANT_CONVERSION = YES;
				CLANG_WARN_DIRECT_OBJC_ISA_USAGE = YES_ERROR;
				CLANG_WARN_EMPTY_BODY = YES;
				CLANG_WARN_ENUM_CONVERSION = YES;
				CLANG_WARN_INT_CONVERSION = YES;
				CLANG_WARN_OBJC_ROOT_CLASS = YES_ERROR;
				CLANG_WARN_UNREACHABLE_CODE = YES;
				CLANG_WARN__DUPLICATE_METHOD_MATCH = YES;
				"CODE_SIGN_IDENTITY[sdk=iphoneos*]" = "iPhone Developer";
				COPY_PHASE_STRIP = NO;
				ENABLE_STRICT_OBJC_MSGSEND = YES;
				GCC_C_LANGUAGE_STANDARD = gnu99;
				GCC_DYNAMIC_NO_PIC = NO;
				GCC_OPTIMIZATION_LEVEL = 0;
				GCC_PREPROCESSOR_DEFINITIONS = (
					"DEBUG=1",
					"$(inherited)",
				);
				GCC_SYMBOLS_PRIVATE_EXTERN = NO;
				GCC_WARN_64_TO_32_BIT_CONVERSION = YES;
				GCC_WARN_ABOUT_RETURN_TYPE = YES_ERROR;
				GCC_WARN_UNDECLARED_SELECTOR = YES;
				GCC_WARN_UNINITIALIZED_AUTOS = YES_AGGRESSIVE;
				GCC_WARN_UNUSED_FUNCTION = YES;
				GCC_WARN_UNUSED_VARIABLE = YES;
				IPHONEOS_DEPLOYMENT_TARGET = 8.1;
				MTL_ENABLE_DEBUG_INFO = YES;
				ONLY_ACTIVE_ARCH = YES;
				SDKROOT = iphoneos;
				TARGETED_DEVICE_FAMILY = "1,2";
			};
			name = Debug;
		};
		F0F326741A8A476100A1AE88 /* Release */ = {
			isa = XCBuildConfiguration;
			buildSettings = {
				ALWAYS_SEARCH_USER_PATHS = NO;
				CLANG_CXX_LANGUAGE_STANDARD = "gnu++0x";
				CLANG_CXX_LIBRARY = "libc++";
				CLANG_ENABLE_MODULES = YES;
				CLANG_ENABLE_OBJC_ARC = YES;
				CLANG_WARN_BOOL_CONVERSION = YES;
				CLANG_WARN_CONSTANT_CONVERSION = YES;
				CLANG_WARN_DIRECT_OBJC_ISA_USAGE = YES_ERROR;
				CLANG_WARN_EMPTY_BODY = YES;
				CLANG_WARN_ENUM_CONVERSION = YES;
				CLANG_WARN_INT_CONVERSION = YES;
				CLANG_WARN_OBJC_ROOT_CLASS = YES_ERROR;
				CLANG_WARN_UNREACHABLE_CODE = YES;
				CLANG_WARN__DUPLICATE_METHOD_MATCH = YES;
				"CODE_SIGN_IDENTITY[sdk=iphoneos*]" = "iPhone Developer";
				COPY_PHASE_STRIP = YES;
				ENABLE_NS_ASSERTIONS = NO;
				ENABLE_STRICT_OBJC_MSGSEND = YES;
				GCC_C_LANGUAGE_STANDARD = gnu99;
				GCC_WARN_64_TO_32_BIT_CONVERSION = YES;
				GCC_WARN_ABOUT_RETURN_TYPE = YES_ERROR;
				GCC_WARN_UNDECLARED_SELECTOR = YES;
				GCC_WARN_UNINITIALIZED_AUTOS = YES_AGGRESSIVE;
				GCC_WARN_UNUSED_FUNCTION = YES;
				GCC_WARN_UNUSED_VARIABLE = YES;
				IPHONEOS_DEPLOYMENT_TARGET = 8.1;
				MTL_ENABLE_DEBUG_INFO = NO;
				SDKROOT = iphoneos;
				TARGETED_DEVICE_FAMILY = "1,2";
				VALIDATE_PRODUCT = YES;
			};
			name = Release;
		};
		F0F326761A8A476100A1AE88 /* Debug */ = {
			isa = XCBuildConfiguration;
			buildSettings = {
				ASSETCATALOG_COMPILER_APPICON_NAME = AppIcon;
				ASSETCATALOG_COMPILER_LAUNCHIMAGE_NAME = LaunchImage;
				INFOPLIST_FILE = "Grocery Dude/Info.plist";
				IPHONEOS_DEPLOYMENT_TARGET = 7.0;
				LD_RUNPATH_SEARCH_PATHS = "$(inherited) @executable_path/Frameworks";
				PRODUCT_NAME = "$(TARGET_NAME)";
				TARGETED_DEVICE_FAMILY = 1;
			};
			name = Debug;
		};
		F0F326771A8A476100A1AE88 /* Release */ = {
			isa = XCBuildConfiguration;
			buildSettings = {
				ASSETCATALOG_COMPILER_APPICON_NAME = AppIcon;
				ASSETCATALOG_COMPILER_LAUNCHIMAGE_NAME = LaunchImage;
				INFOPLIST_FILE = "Grocery Dude/Info.plist";
				IPHONEOS_DEPLOYMENT_TARGET = 7.0;
				LD_RUNPATH_SEARCH_PATHS = "$(inherited) @executable_path/Frameworks";
				PRODUCT_NAME = "$(TARGET_NAME)";
				TARGETED_DEVICE_FAMILY = 1;
			};
			name = Release;
		};
		F0F326791A8A476100A1AE88 /* Debug */ = {
			isa = XCBuildConfiguration;
			buildSettings = {
				BUNDLE_LOADER = "$(TEST_HOST)";
				FRAMEWORK_SEARCH_PATHS = (
					"$(SDKROOT)/Developer/Library/Frameworks",
					"$(inherited)",
				);
				GCC_PREPROCESSOR_DEFINITIONS = (
					"DEBUG=1",
					"$(inherited)",
				);
				INFOPLIST_FILE = "Grocery DudeTests/Info.plist";
				LD_RUNPATH_SEARCH_PATHS = "$(inherited) @executable_path/Frameworks @loader_path/Frameworks";
				PRODUCT_NAME = "$(TARGET_NAME)";
				TEST_HOST = "$(BUILT_PRODUCTS_DIR)/Grocery Dude.app/Grocery Dude";
			};
			name = Debug;
		};
		F0F3267A1A8A476100A1AE88 /* Release */ = {
			isa = XCBuildConfiguration;
			buildSettings = {
				BUNDLE_LOADER = "$(TEST_HOST)";
				FRAMEWORK_SEARCH_PATHS = (
					"$(SDKROOT)/Developer/Library/Frameworks",
					"$(inherited)",
				);
				INFOPLIST_FILE = "Grocery DudeTests/Info.plist";
				LD_RUNPATH_SEARCH_PATHS = "$(inherited) @executable_path/Frameworks @loader_path/Frameworks";
				PRODUCT_NAME = "$(TARGET_NAME)";
				TEST_HOST = "$(BUILT_PRODUCTS_DIR)/Grocery Dude.app/Grocery Dude";
			};
			name = Release;
		};
/* End XCBuildConfiguration section */

/* Begin XCConfigurationList section */
		F0F3264D1A8A476100A1AE88 /* Build configuration list for PBXProject "Grocery Dude" */ = {
			isa = XCConfigurationList;
			buildConfigurations = (
				F0F326731A8A476100A1AE88 /* Debug */,
				F0F326741A8A476100A1AE88 /* Release */,
			);
			defaultConfigurationIsVisible = 0;
			defaultConfigurationName = Release;
		};
		F0F326751A8A476100A1AE88 /* Build configuration list for PBXNativeTarget "Grocery Dude" */ = {
			isa = XCConfigurationList;
			buildConfigurations = (
				F0F326761A8A476100A1AE88 /* Debug */,
				F0F326771A8A476100A1AE88 /* Release */,
			);
			defaultConfigurationIsVisible = 0;
			defaultConfigurationName = Release;
		};
		F0F326781A8A476100A1AE88 /* Build configuration list for PBXNativeTarget "Grocery DudeTests" */ = {
			isa = XCConfigurationList;
			buildConfigurations = (
				F0F326791A8A476100A1AE88 /* Debug */,
				F0F3267A1A8A476100A1AE88 /* Release */,
			);
			defaultConfigurationIsVisible = 0;
			defaultConfigurationName = Release;
		};
/* End XCConfigurationList section */

/* Begin XCVersionGroup section */
		BB0A65521A8B39980040FB35 /* Model.xcdatamodeld */ = {
			isa = XCVersionGroup;
			children = (
				BB0A65531A8B39980040FB35 /* Model.xcdatamodel */,
			);
			currentVersion = BB0A65531A8B39980040FB35 /* Model.xcdatamodel */;
			path = Model.xcdatamodeld;
			sourceTree = "<group>";
			versionGroupType = wrapper.xcdatamodel;
		};
/* End XCVersionGroup section */
	};
	rootObject = F0F3264A1A8A476100A1AE88 /* Project object */;
}
